// !$*UTF8*$!
{
	archiveVersion = 1;
	classes = {
	};
	objectVersion = 46;
	objects = {

/* Begin PBXBuildFile section */
		9BD322BA1B5DD89800913EB9 /* main.m in Sources */ = {isa = PBXBuildFile; fileRef = 9BD322B91B5DD89800913EB9 /* main.m */; };
		9BD322BD1B5DD89800913EB9 /* AppDelegate.m in Sources */ = {isa = PBXBuildFile; fileRef = 9BD322BC1B5DD89800913EB9 /* AppDelegate.m */; };
		9BD322C01B5DD89800913EB9 /* GuJinBao.xcdatamodeld in Sources */ = {isa = PBXBuildFile; fileRef = 9BD322BE1B5DD89800913EB9 /* GuJinBao.xcdatamodeld */; };
		9BD322C31B5DD89800913EB9 /* ViewController.m in Sources */ = {isa = PBXBuildFile; fileRef = 9BD322C21B5DD89800913EB9 /* ViewController.m */; };
		9BD322C61B5DD89800913EB9 /* Main.storyboard in Resources */ = {isa = PBXBuildFile; fileRef = 9BD322C41B5DD89800913EB9 /* Main.storyboard */; };
		9BD322C81B5DD89800913EB9 /* Images.xcassets in Resources */ = {isa = PBXBuildFile; fileRef = 9BD322C71B5DD89800913EB9 /* Images.xcassets */; };
		9BD322CB1B5DD89800913EB9 /* LaunchScreen.xib in Resources */ = {isa = PBXBuildFile; fileRef = 9BD322C91B5DD89800913EB9 /* LaunchScreen.xib */; };
		9BD322D71B5DD89800913EB9 /* GuJinBaoTests.m in Sources */ = {isa = PBXBuildFile; fileRef = 9BD322D61B5DD89800913EB9 /* GuJinBaoTests.m */; };
/* End PBXBuildFile section */

/* Begin PBXContainerItemProxy section */
		9BD322D11B5DD89800913EB9 /* PBXContainerItemProxy */ = {
			isa = PBXContainerItemProxy;
			containerPortal = 9BD322AC1B5DD89800913EB9 /* Project object */;
			proxyType = 1;
			remoteGlobalIDString = 9BD322B31B5DD89800913EB9;
			remoteInfo = GuJinBao;
		};
/* End PBXContainerItemProxy section */

/* Begin PBXFileReference section */
		9BD322B41B5DD89800913EB9 /* GuJinBao.app */ = {isa = PBXFileReference; explicitFileType = wrapper.application; includeInIndex = 0; path = GuJinBao.app; sourceTree = BUILT_PRODUCTS_DIR; };
		9BD322B81B5DD89800913EB9 /* Info.plist */ = {isa = PBXFileReference; lastKnownFileType = text.plist.xml; path = Info.plist; sourceTree = "<group>"; };
		9BD322B91B5DD89800913EB9 /* main.m */ = {isa = PBXFileReference; lastKnownFileType = sourcecode.c.objc; path = main.m; sourceTree = "<group>"; };
		9BD322BB1B5DD89800913EB9 /* AppDelegate.h */ = {isa = PBXFileReference; lastKnownFileType = sourcecode.c.h; path = AppDelegate.h; sourceTree = "<group>"; };
		9BD322BC1B5DD89800913EB9 /* AppDelegate.m */ = {isa = PBXFileReference; lastKnownFileType = sourcecode.c.objc; path = AppDelegate.m; sourceTree = "<group>"; };
		9BD322BF1B5DD89800913EB9 /* GuJinBao.xcdatamodel */ = {isa = PBXFileReference; lastKnownFileType = wrapper.xcdatamodel; path = GuJinBao.xcdatamodel; sourceTree = "<group>"; };
		9BD322C11B5DD89800913EB9 /* ViewController.h */ = {isa = PBXFileReference; lastKnownFileType = sourcecode.c.h; path = ViewController.h; sourceTree = "<group>"; };
		9BD322C21B5DD89800913EB9 /* ViewController.m */ = {isa = PBXFileReference; lastKnownFileType = sourcecode.c.objc; path = ViewController.m; sourceTree = "<group>"; };
		9BD322C51B5DD89800913EB9 /* Base */ = {isa = PBXFileReference; lastKnownFileType = file.storyboard; name = Base; path = Base.lproj/Main.storyboard; sourceTree = "<group>"; };
		9BD322C71B5DD89800913EB9 /* Images.xcassets */ = {isa = PBXFileReference; lastKnownFileType = folder.assetcatalog; path = Images.xcassets; sourceTree = "<group>"; };
		9BD322CA1B5DD89800913EB9 /* Base */ = {isa = PBXFileReference; lastKnownFileType = file.xib; name = Base; path = Base.lproj/LaunchScreen.xib; sourceTree = "<group>"; };
		9BD322D01B5DD89800913EB9 /* GuJinBaoTests.xctest */ = {isa = PBXFileReference; explicitFileType = wrapper.cfbundle; includeInIndex = 0; path = GuJinBaoTests.xctest; sourceTree = BUILT_PRODUCTS_DIR; };
		9BD322D51B5DD89800913EB9 /* Info.plist */ = {isa = PBXFileReference; lastKnownFileType = text.plist.xml; path = Info.plist; sourceTree = "<group>"; };
		9BD322D61B5DD89800913EB9 /* GuJinBaoTests.m */ = {isa = PBXFileReference; lastKnownFileType = sourcecode.c.objc; path = GuJinBaoTests.m; sourceTree = "<group>"; };
/* End PBXFileReference section */

/* Begin PBXFrameworksBuildPhase section */
		9BD322B11B5DD89800913EB9 /* Frameworks */ = {
			isa = PBXFrameworksBuildPhase;
			buildActionMask = 2147483647;
			files = (
			);
			runOnlyForDeploymentPostprocessing = 0;
		};
		9BD322CD1B5DD89800913EB9 /* Frameworks */ = {
			isa = PBXFrameworksBuildPhase;
			buildActionMask = 2147483647;
			files = (
			);
			runOnlyForDeploymentPostprocessing = 0;
		};
/* End PBXFrameworksBuildPhase section */

/* Begin PBXGroup section */
		9BD322AB1B5DD89800913EB9 = {
			isa = PBXGroup;
			children = (
				9BD322B61B5DD89800913EB9 /* GuJinBao */,
				9BD322D31B5DD89800913EB9 /* GuJinBaoTests */,
				9BD322B51B5DD89800913EB9 /* Products */,
			);
			sourceTree = "<group>";
		};
		9BD322B51B5DD89800913EB9 /* Products */ = {
			isa = PBXGroup;
			children = (
				9BD322B41B5DD89800913EB9 /* GuJinBao.app */,
				9BD322D01B5DD89800913EB9 /* GuJinBaoTests.xctest */,
			);
			name = Products;
			sourceTree = "<group>";
		};
		9BD322B61B5DD89800913EB9 /* GuJinBao */ = {
			isa = PBXGroup;
			children = (
				9BD322BB1B5DD89800913EB9 /* AppDelegate.h */,
				9BD322BC1B5DD89800913EB9 /* AppDelegate.m */,
				9BD322C11B5DD89800913EB9 /* ViewController.h */,
				9BD322C21B5DD89800913EB9 /* ViewController.m */,
				9BD322C41B5DD89800913EB9 /* Main.storyboard */,
				9BD322C71B5DD89800913EB9 /* Images.xcassets */,
				9BD322C91B5DD89800913EB9 /* LaunchScreen.xib */,
				9BD322BE1B5DD89800913EB9 /* GuJinBao.xcdatamodeld */,
				9BD322B71B5DD89800913EB9 /* Supporting Files */,
			);
			path = GuJinBao;
			sourceTree = "<group>";
		};
		9BD322B71B5DD89800913EB9 /* Supporting Files */ = {
			isa = PBXGroup;
			children = (
				9BD322B81B5DD89800913EB9 /* Info.plist */,
				9BD322B91B5DD89800913EB9 /* main.m */,
			);
			name = "Supporting Files";
			sourceTree = "<group>";
		};
		9BD322D31B5DD89800913EB9 /* GuJinBaoTests */ = {
			isa = PBXGroup;
			children = (
				9BD322D61B5DD89800913EB9 /* GuJinBaoTests.m */,
				9BD322D41B5DD89800913EB9 /* Supporting Files */,
			);
			path = GuJinBaoTests;
			sourceTree = "<group>";
		};
		9BD322D41B5DD89800913EB9 /* Supporting Files */ = {
			isa = PBXGroup;
			children = (
				9BD322D51B5DD89800913EB9 /* Info.plist */,
			);
			name = "Supporting Files";
			sourceTree = "<group>";
		};
/* End PBXGroup section */

/* Begin PBXNativeTarget section */
		9BD322B31B5DD89800913EB9 /* GuJinBao */ = {
			isa = PBXNativeTarget;
			buildConfigurationList = 9BD322DA1B5DD89800913EB9 /* Build configuration list for PBXNativeTarget "GuJinBao" */;
			buildPhases = (
				9BD322B01B5DD89800913EB9 /* Sources */,
				9BD322B11B5DD89800913EB9 /* Frameworks */,
				9BD322B21B5DD89800913EB9 /* Resources */,
			);
			buildRules = (
			);
			dependencies = (
			);
			name = GuJinBao;
			productName = GuJinBao;
			productReference = 9BD322B41B5DD89800913EB9 /* GuJinBao.app */;
			productType = "com.apple.product-type.application";
		};
		9BD322CF1B5DD89800913EB9 /* GuJinBaoTests */ = {
			isa = PBXNativeTarget;
			buildConfigurationList = 9BD322DD1B5DD89800913EB9 /* Build configuration list for PBXNativeTarget "GuJinBaoTests" */;
			buildPhases = (
				9BD322CC1B5DD89800913EB9 /* Sources */,
				9BD322CD1B5DD89800913EB9 /* Frameworks */,
				9BD322CE1B5DD89800913EB9 /* Resources */,
			);
			buildRules = (
			);
			dependencies = (
				9BD322D21B5DD89800913EB9 /* PBXTargetDependency */,
			);
			name = GuJinBaoTests;
			productName = GuJinBaoTests;
			productReference = 9BD322D01B5DD89800913EB9 /* GuJinBaoTests.xctest */;
			productType = "com.apple.product-type.bundle.unit-test";
		};
/* End PBXNativeTarget section */

/* Begin PBXProject section */
		9BD322AC1B5DD89800913EB9 /* Project object */ = {
			isa = PBXProject;
			attributes = {
				LastUpgradeCheck = 0630;
				ORGANIZATIONNAME = GuJinBao;
				TargetAttributes = {
					9BD322B31B5DD89800913EB9 = {
						CreatedOnToolsVersion = 6.3.2;
					};
					9BD322CF1B5DD89800913EB9 = {
						CreatedOnToolsVersion = 6.3.2;
						TestTargetID = 9BD322B31B5DD89800913EB9;
					};
				};
			};
			buildConfigurationList = 9BD322AF1B5DD89800913EB9 /* Build configuration list for PBXProject "GuJinBao" */;
			compatibilityVersion = "Xcode 3.2";
			developmentRegion = English;
			hasScannedForEncodings = 0;
			knownRegions = (
				en,
				Base,
			);
			mainGroup = 9BD322AB1B5DD89800913EB9;
			productRefGroup = 9BD322B51B5DD89800913EB9 /* Products */;
			projectDirPath = "";
			projectRoot = "";
			targets = (
				9BD322B31B5DD89800913EB9 /* GuJinBao */,
				9BD322CF1B5DD89800913EB9 /* GuJinBaoTests */,
			);
		};
/* End PBXProject section */

/* Begin PBXResourcesBuildPhase section */
		9BD322B21B5DD89800913EB9 /* Resources */ = {
			isa = PBXResourcesBuildPhase;
			buildActionMask = 2147483647;
			files = (
				9BD322C61B5DD89800913EB9 /* Main.storyboard in Resources */,
				9BD322CB1B5DD89800913EB9 /* LaunchScreen.xib in Resources */,
				9BD322C81B5DD89800913EB9 /* Images.xcassets in Resources */,
			);
			runOnlyForDeploymentPostprocessing = 0;
		};
		9BD322CE1B5DD89800913EB9 /* Resources */ = {
			isa = PBXResourcesBuildPhase;
			buildActionMask = 2147483647;
			files = (
			);
			runOnlyForDeploymentPostprocessing = 0;
		};
/* End PBXResourcesBuildPhase section */

/* Begin PBXSourcesBuildPhase section */
		9BD322B01B5DD89800913EB9 /* Sources */ = {
			isa = PBXSourcesBuildPhase;
			buildActionMask = 2147483647;
			files = (
				9BD322BD1B5DD89800913EB9 /* AppDelegate.m in Sources */,
				9BD322BA1B5DD89800913EB9 /* main.m in Sources */,
				9BD322C31B5DD89800913EB9 /* ViewController.m in Sources */,
				9BD322C01B5DD89800913EB9 /* GuJinBao.xcdatamodeld in Sources */,
			);
			runOnlyForDeploymentPostprocessing = 0;
		};
		9BD322CC1B5DD89800913EB9 /* Sources */ = {
			isa = PBXSourcesBuildPhase;
			buildActionMask = 2147483647;
			files = (
				9BD322D71B5DD89800913EB9 /* GuJinBaoTests.m in Sources */,
			);
			runOnlyForDeploymentPostprocessing = 0;
		};
/* End PBXSourcesBuildPhase section */

/* Begin PBXTargetDependency section */
		9BD322D21B5DD89800913EB9 /* PBXTargetDependency */ = {
			isa = PBXTargetDependency;
			target = 9BD322B31B5DD89800913EB9 /* GuJinBao */;
			targetProxy = 9BD322D11B5DD89800913EB9 /* PBXContainerItemProxy */;
		};
/* End PBXTargetDependency section */

/* Begin PBXVariantGroup section */
		9BD322C41B5DD89800913EB9 /* Main.storyboard */ = {
			isa = PBXVariantGroup;
			children = (
				9BD322C51B5DD89800913EB9 /* Base */,
			);
			name = Main.storyboard;
			sourceTree = "<group>";
		};
		9BD322C91B5DD89800913EB9 /* LaunchScreen.xib */ = {
			isa = PBXVariantGroup;
			children = (
				9BD322CA1B5DD89800913EB9 /* Base */,
			);
			name = LaunchScreen.xib;
			sourceTree = "<group>";
		};
/* End PBXVariantGroup section */

/* Begin XCBuildConfiguration section */
		9BD322D81B5DD89800913EB9 /* Debug */ = {
			isa = XCBuildConfiguration;
			buildSettings = {
				ALWAYS_SEARCH_USER_PATHS = NO;
				CLANG_CXX_LANGUAGE_STANDARD = "gnu++0x";
				CLANG_CXX_LIBRARY = "libc++";
				CLANG_ENABLE_MODULES = YES;
				CLANG_ENABLE_OBJC_ARC = YES;
				CLANG_WARN_BOOL_CONVERSION = YES;
				CLANG_WARN_CONSTANT_CONVERSION = YES;
				CLANG_WARN_DIRECT_OBJC_ISA_USAGE = YES_ERROR;
				CLANG_WARN_EMPTY_BODY = YES;
				CLANG_WARN_ENUM_CONVERSION = YES;
				CLANG_WARN_INT_CONVERSION = YES;
				CLANG_WARN_OBJC_ROOT_CLASS = YES_ERROR;
				CLANG_WARN_UNREACHABLE_CODE = YES;
				CLANG_WARN__DUPLICATE_METHOD_MATCH = YES;
				"CODE_SIGN_IDENTITY[sdk=iphoneos*]" = "iPhone Developer";
				COPY_PHASE_STRIP = NO;
				DEBUG_INFORMATION_FORMAT = "dwarf-with-dsym";
				ENABLE_STRICT_OBJC_MSGSEND = YES;
				GCC_C_LANGUAGE_STANDARD = gnu99;
				GCC_DYNAMIC_NO_PIC = NO;
				GCC_NO_COMMON_BLOCKS = YES;
				GCC_OPTIMIZATION_LEVEL = 0;
				GCC_PREPROCESSOR_DEFINITIONS = (
					"DEBUG=1",
					"$(inherited)",
				);
				GCC_SYMBOLS_PRIVATE_EXTERN = NO;
				GCC_WARN_64_TO_32_BIT_CONVERSION = YES;
				GCC_WARN_ABOUT_RETURN_TYPE = YES_ERROR;
				GCC_WARN_UNDECLARED_SELECTOR = YES;
				GCC_WARN_UNINITIALIZED_AUTOS = YES_AGGRESSIVE;
				GCC_WARN_UNUSED_FUNCTION = YES;
				GCC_WARN_UNUSED_VARIABLE = YES;
				IPHONEOS_DEPLOYMENT_TARGET = 8.3;
				MTL_ENABLE_DEBUG_INFO = YES;
				ONLY_ACTIVE_ARCH = YES;
				SDKROOT = iphoneos;
			};
			name = Debug;
		};
		9BD322D91B5DD89800913EB9 /* Release */ = {
			isa = XCBuildConfiguration;
			buildSettings = {
				ALWAYS_SEARCH_USER_PATHS = NO;
				CLANG_CXX_LANGUAGE_STANDARD = "gnu++0x";
				CLANG_CXX_LIBRARY = "libc++";
				CLANG_ENABLE_MODULES = YES;
				CLANG_ENABLE_OBJC_ARC = YES;
				CLANG_WARN_BOOL_CONVERSION = YES;
				CLANG_WARN_CONSTANT_CONVERSION = YES;
				CLANG_WARN_DIRECT_OBJC_ISA_USAGE = YES_ERROR;
				CLANG_WARN_EMPTY_BODY = YES;
				CLANG_WARN_ENUM_CONVERSION = YES;
				CLANG_WARN_INT_CONVERSION = YES;
				CLANG_WARN_OBJC_ROOT_CLASS = YES_ERROR;
				CLANG_WARN_UNREACHABLE_CODE = YES;
				CLANG_WARN__DUPLICATE_METHOD_MATCH = YES;
				"CODE_SIGN_IDENTITY[sdk=iphoneos*]" = "iPhone Developer";
				COPY_PHASE_STRIP = NO;
				DEBUG_INFORMATION_FORMAT = "dwarf-with-dsym";
				ENABLE_NS_ASSERTIONS = NO;
				ENABLE_STRICT_OBJC_MSGSEND = YES;
				GCC_C_LANGUAGE_STANDARD = gnu99;
				GCC_NO_COMMON_BLOCKS = YES;
				GCC_WARN_64_TO_32_BIT_CONVERSION = YES;
				GCC_WARN_ABOUT_RETURN_TYPE = YES_ERROR;
				GCC_WARN_UNDECLARED_SELECTOR = YES;
				GCC_WARN_UNINITIALIZED_AUTOS = YES_AGGRESSIVE;
				GCC_WARN_UNUSED_FUNCTION = YES;
				GCC_WARN_UNUSED_VARIABLE = YES;
				IPHONEOS_DEPLOYMENT_TARGET = 8.3;
				MTL_ENABLE_DEBUG_INFO = NO;
				SDKROOT = iphoneos;
				VALIDATE_PRODUCT = YES;
			};
			name = Release;
		};
		9BD322DB1B5DD89800913EB9 /* Debug */ = {
			isa = XCBuildConfiguration;
			buildSettings = {
				ASSETCATALOG_COMPILER_APPICON_NAME = AppIcon;
				INFOPLIST_FILE = GuJinBao/Info.plist;
				LD_RUNPATH_SEARCH_PATHS = "$(inherited) @executable_path/Frameworks";
				PRODUCT_NAME = "$(TARGET_NAME)";
			};
			name = Debug;
		};
		9BD322DC1B5DD89800913EB9 /* Release */ = {
			isa = XCBuildConfiguration;
			buildSettings = {
				ASSETCATALOG_COMPILER_APPICON_NAME = AppIcon;
				INFOPLIST_FILE = GuJinBao/Info.plist;
				LD_RUNPATH_SEARCH_PATHS = "$(inherited) @executable_path/Frameworks";
				PRODUCT_NAME = "$(TARGET_NAME)";
			};
			name = Release;
		};
		9BD322DE1B5DD89800913EB9 /* Debug */ = {
			isa = XCBuildConfiguration;
			buildSettings = {
				BUNDLE_LOADER = "$(TEST_HOST)";
				FRAMEWORK_SEARCH_PATHS = (
					"$(SDKROOT)/Developer/Library/Frameworks",
					"$(inherited)",
				);
				GCC_PREPROCESSOR_DEFINITIONS = (
					"DEBUG=1",
					"$(inherited)",
				);
				INFOPLIST_FILE = GuJinBaoTests/Info.plist;
				LD_RUNPATH_SEARCH_PATHS = "$(inherited) @executable_path/Frameworks @loader_path/Frameworks";
				PRODUCT_NAME = "$(TARGET_NAME)";
				TEST_HOST = "$(BUILT_PRODUCTS_DIR)/GuJinBao.app/GuJinBao";
			};
			name = Debug;
		};
		9BD322DF1B5DD89800913EB9 /* Release */ = {
			isa = XCBuildConfiguration;
			buildSettings = {
				BUNDLE_LOADER = "$(TEST_HOST)";
				FRAMEWORK_SEARCH_PATHS = (
					"$(SDKROOT)/Developer/Library/Frameworks",
					"$(inherited)",
				);
				INFOPLIST_FILE = GuJinBaoTests/Info.plist;
				LD_RUNPATH_SEARCH_PATHS = "$(inherited) @executable_path/Frameworks @loader_path/Frameworks";
				PRODUCT_NAME = "$(TARGET_NAME)";
				TEST_HOST = "$(BUILT_PRODUCTS_DIR)/GuJinBao.app/GuJinBao";
			};
			name = Release;
		};
/* End XCBuildConfiguration section */

/* Begin XCConfigurationList section */
		9BD322AF1B5DD89800913EB9 /* Build configuration list for PBXProject "GuJinBao" */ = {
			isa = XCConfigurationList;
			buildConfigurations = (
				9BD322D81B5DD89800913EB9 /* Debug */,
				9BD322D91B5DD89800913EB9 /* Release */,
			);
			defaultConfigurationIsVisible = 0;
			defaultConfigurationName = Release;
		};
		9BD322DA1B5DD89800913EB9 /* Build configuration list for PBXNativeTarget "GuJinBao" */ = {
			isa = XCConfigurationList;
			buildConfigurations = (
				9BD322DB1B5DD89800913EB9 /* Debug */,
				9BD322DC1B5DD89800913EB9 /* Release */,
			);
			defaultConfigurationIsVisible = 0;
		};
		9BD322DD1B5DD89800913EB9 /* Build configuration list for PBXNativeTarget "GuJinBaoTests" */ = {
			isa = XCConfigurationList;
			buildConfigurations = (
				9BD322DE1B5DD89800913EB9 /* Debug */,
				9BD322DF1B5DD89800913EB9 /* Release */,
			);
			defaultConfigurationIsVisible = 0;
		};
/* End XCConfigurationList section */

/* Begin XCVersionGroup section */
		9BD322BE1B5DD89800913EB9 /* GuJinBao.xcdatamodeld */ = {
			isa = XCVersionGroup;
			children = (
				9BD322BF1B5DD89800913EB9 /* GuJinBao.xcdatamodel */,
			);
			currentVersion = 9BD322BF1B5DD89800913EB9 /* GuJinBao.xcdatamodel */;
			path = GuJinBao.xcdatamodeld;
			sourceTree = "<group>";
			versionGroupType = wrapper.xcdatamodel;
		};
/* End XCVersionGroup section */
	};
	rootObject = 9BD322AC1B5DD89800913EB9 /* Project object */;
}
